
Microsoft Visual Studio Solution File, Format Version 12.00
# Visual Studio Version 17
VisualStudioVersion = 17.6.33815.320
MinimumVisualStudioVersion = 10.0.40219.1
Project("{FAE04EC0-301F-11D3-BF4B-00C04F79EFBC}") = "B738 System", "B738 System\B738 System.csproj", "{E0E6EEAB-F8A0-45CC-88EE-89A8BF5D13C5}"
EndProject
Global
	GlobalSection(SolutionConfigurationPlatforms) = preSolution
		Debug|Any CPU = Debug|Any CPU
		Release|Any CPU = Release|Any CPU
	EndGlobalSection
	GlobalSection(ProjectConfigurationPlatforms) = postSolution
		{E0E6EEAB-F8A0-45CC-88EE-89A8BF5D13C5}.Debug|Any CPU.ActiveCfg = Debug|Any CPU
		{E0E6EEAB-F8A0-45CC-88EE-89A8BF5D13C5}.Debug|Any CPU.Build.0 = Debug|Any CPU
		{E0E6EEAB-F8A0-45CC-88EE-89A8BF5D13C5}.Release|Any CPU.ActiveCfg = Release|Any CPU
		{E0E6EEAB-F8A0-45CC-88EE-89A8BF5D13C5}.Release|Any CPU.Build.0 = Release|Any CPU
	EndGlobalSection
	GlobalSection(SolutionProperties) = preSolution
		HideSolutionNode = FALSE
	EndGlobalSection
	GlobalSection(ExtensibilityGlobals) = postSolution
		SolutionGuid = {81C68DB6-1CD9-41FA-94C2-F1B845DEB5D0}
	EndGlobalSection
EndGlobal
